<?xml version="1.0" encoding="utf-8"?>
<Project ToolsVersion="4.0" xmlns="http://schemas.microsoft.com/developer/msbuild/2003">
  <ItemGroup>
    <Filter Include="Source Files">
      <UniqueIdentifier>{4FC737F1-C7A5-4376-A066-2A32D752A2FF}</UniqueIdentifier>
      <Extensions>cpp;c;cc;cxx;def;odl;idl;hpj;bat;asm;asmx</Extensions>
    </Filter>
    <Filter Include="Header Files">
      <UniqueIdentifier>{93995380-89BD-4b04-88EB-625FBE52EBFB}</UniqueIdentifier>
      <Extensions>h;hpp;hxx;hm;inl;inc;xsd</Extensions>
    </Filter>
    <Filter Include="Resource Files">
      <UniqueIdentifier>{67DA6AB6-F800-4c08-8B7A-83BB121AAD01}</UniqueIdentifier>
      <Extensions>rc;ico;cur;bmp;dlg;rc2;rct;bin;rgs;gif;jpg;jpeg;jpe;resx;tiff;tif;png;wav;mfcribbon-ms</Extensions>
    </Filter>
    <Filter Include="Source Files\kinglib">
      <UniqueIdentifier>{71369e4a-8c3f-454a-bdba-5c82895475ea}</UniqueIdentifier>
    </Filter>
    <Filter Include="Header Files\kinglib">
      <UniqueIdentifier>{6821ade4-45c6-4243-9e66-0f5cdb1a863b}</UniqueIdentifier>
    </Filter>
    <Filter Include="Source Files\model">
      <UniqueIdentifier>{3c9f694a-3ef8-4c91-866c-5a7bf4e142fd}</UniqueIdentifier>
    </Filter>
    <Filter Include="Header Files\model">
      <UniqueIdentifier>{c3058e35-9905-4790-8b7a-a472c84313b9}</UniqueIdentifier>
    </Filter>
    <Filter Include="Source Files\controller">
      <UniqueIdentifier>{01cc02e8-a1fd-4ad4-8fa7-1b62bf26bcd5}</UniqueIdentifier>
    </Filter>
    <Filter Include="Source Files\utils">
      <UniqueIdentifier>{1b8f13d1-fb37-48ea-9673-3b28720b0dd3}</UniqueIdentifier>
    </Filter>
    <Filter Include="Header Files\controller">
      <UniqueIdentifier>{20ae1d3a-a3f8-4621-9708-4291d251fe88}</UniqueIdentifier>
    </Filter>
    <Filter Include="Header Files\utils">
      <UniqueIdentifier>{85cc263d-fa6c-46e2-a86e-ccb0ffcd8d7a}</UniqueIdentifier>
    </Filter>
    <Filter Include="Source Files\view">
      <UniqueIdentifier>{e1443c19-56a3-49ea-85c8-6ec4f5100690}</UniqueIdentifier>
    </Filter>
    <Filter Include="Header Files\view">
      <UniqueIdentifier>{50d61b4a-dc79-4853-a790-e75d48cd0c34}</UniqueIdentifier>
    </Filter>
  </ItemGroup>
  <ItemGroup>
    <ClCompile Include="..\src\main.cpp">
      <Filter>Source Files</Filter>
    </ClCompile>
    <ClCompile Include="..\external\include\king\SdlWindow.cpp">
      <Filter>Source Files\kinglib</Filter>
    </ClCompile>
    <ClCompile Include="..\external\include\king\Engine.cpp">
      <Filter>Source Files\kinglib</Filter>
    </ClCompile>
    <ClCompile Include="..\external\include\king\Font.cpp">
      <Filter>Source Files\kinglib</Filter>
    </ClCompile>
    <ClCompile Include="..\external\include\king\GlContext.cpp">
      <Filter>Source Files\kinglib</Filter>
    </ClCompile>
    <ClCompile Include="..\external\include\king\Sdl.cpp">
      <Filter>Source Files\kinglib</Filter>
    </ClCompile>
    <ClCompile Include="..\external\include\king\SdlSurface.cpp">
      <Filter>Source Files\kinglib</Filter>
    </ClCompile>
    <ClCompile Include="Grid.cpp">
      <Filter>Source Files\model</Filter>
    </ClCompile>
    <ClCompile Include="Tile.cpp">
      <Filter>Source Files\model</Filter>
    </ClCompile>
    <ClCompile Include="Pool.cpp">
      <Filter>Source Files\utils</Filter>
    </ClCompile>
    <ClCompile Include="Input.cpp">
      <Filter>Source Files\controller</Filter>
    </ClCompile>
    <ClCompile Include="Controller.cpp">
      <Filter>Source Files\controller</Filter>
    </ClCompile>
    <ClCompile Include="GridView.cpp">
      <Filter>Source Files\view</Filter>
    </ClCompile>
  </ItemGroup>
  <ItemGroup>
    <ClInclude Include="..\external\include\king\Engine.h">
      <Filter>Header Files\kinglib</Filter>
    </ClInclude>
    <ClInclude Include="..\external\include\king\Font.h">
      <Filter>Header Files\kinglib</Filter>
    </ClInclude>
    <ClInclude Include="..\external\include\king\GlContext.h">
      <Filter>Header Files\kinglib</Filter>
    </ClInclude>
    <ClInclude Include="..\external\include\king\Sdl.h">
      <Filter>Header Files\kinglib</Filter>
    </ClInclude>
    <ClInclude Include="..\external\include\king\SdlSurface.h">
      <Filter>Header Files\kinglib</Filter>
    </ClInclude>
    <ClInclude Include="..\external\include\king\SdlWindow.h">
      <Filter>Header Files\kinglib</Filter>
    </ClInclude>
    <ClInclude Include="..\external\include\king\Updater.h">
      <Filter>Header Files\kinglib</Filter>
    </ClInclude>
    <ClInclude Include="Grid.h">
      <Filter>Header Files\model</Filter>
    </ClInclude>
    <ClInclude Include="Tile.h">
      <Filter>Header Files\model</Filter>
    </ClInclude>
    <ClInclude Include="PoolContainer.h">
      <Filter>Header Files\utils</Filter>
    </ClInclude>
    <ClInclude Include="Pool.h">
      <Filter>Header Files\utils</Filter>
    </ClInclude>
    <ClInclude Include="InputListener.h">
      <Filter>Header Files\controller</Filter>
    </ClInclude>
    <ClInclude Include="Input.h">
      <Filter>Header Files\controller</Filter>
    </ClInclude>
    <ClInclude Include="Controller.h">
      <Filter>Header Files\controller</Filter>
    </ClInclude>
    <ClInclude Include="GridView.h">
      <Filter>Header Files\view</Filter>
    </ClInclude>
    <ClInclude Include="Renderer.h">
      <Filter>Header Files\view</Filter>
    </ClInclude>
  </ItemGroup>
</Project>